<?xml version="1.0" encoding="UTF-8" standalone="yes" ?>
<CodeBlocks_project_file>
	<FileVersion major="1" minor="6" />
	<Project>
		<Option title="SDLProject" />
		<Option platforms="Windows;" />
		<Option pch_mode="0" />
		<Option compiler="gcc" />
		<Build>
			<Target title="Debug">
				<Option output="bin/Debug/SDLProject" prefix_auto="1" extension_auto="1" />
				<Option object_output="obj/Debug/" />
				<Option type="1" />
				<Option compiler="gcc" />
				<Option projectIncludeDirsRelation="2" />
				<Compiler>
					<Add option="-g" />
					<Add directory="Errors/Implementation" />
					<Add directory="include" />
					<Add directory="Engine/Declaration" />
					<Add directory="Engine/Implementation" />
				</Compiler>
			</Target>
			<Target title="Release">
				<Option output="bin/Release/SDLProject" prefix_auto="1" extension_auto="1" />
				<Option object_output="obj/Release/" />
				<Option type="0" />
				<Option compiler="gcc" />
				<Compiler>
					<Add option="-O2" />
					<Add directory="Errors" />
					<Add directory="include" />
					<Add directory="Engine/Declaration" />
				</Compiler>
				<Linker>
					<Add option="-s" />
				</Linker>
			</Target>
		</Build>
		<Compiler>
			<Add option="-std=c++11" />
			<Add option="-Wall" />
			<Add directory="../lib/SDL2/include/SDL2" />
			<Add directory="../lib/SDL2_Image/include/SDL2" />
			<Add directory="../lib/SDL2_ttf/include/SDL2" />
			<Add directory="../lib/freeglut/include/GL" />
			<Add directory="../lib/glew/include/GL" />
		</Compiler>
		<Linker>
			<Add option="-lmingw32 -lSDL2main -lSDL2 -lSDL2_image -lSDL2_ttf -lfreeglut -lopengl32 -lglew32" />
			<Add directory="../lib/SDL2/lib" />
			<Add directory="../lib/SDL2_Image/lib" />
			<Add directory="../lib/SDL2_ttf/lib" />
			<Add directory="../lib/freeglut/lib" />
			<Add directory="../lib/glew/lib" />
		</Linker>
		<Unit filename="Bootstrap.cpp" />
		<Unit filename="Engine/Declaration/GLW.h" />
		<Unit filename="Engine/Declaration/Game.h" />
		<Unit filename="Engine/Declaration/SDLW.h" />
		<Unit filename="Engine/Implementation/GLW.cpp" />
		<Unit filename="Engine/Implementation/Game.cpp" />
		<Unit filename="Engine/Implementation/SDLW.cpp" />
		<Unit filename="Errors/Implementation/RuntimeException.cpp" />
		<Extensions>
			<code_completion />
			<envvars />
			<debugger />
			<lib_finder disable_auto="1" />
		</Extensions>
	</Project>
</CodeBlocks_project_file>
