
Microsoft Visual Studio Solution File, Format Version 12.00
# Visual Studio 14
VisualStudioVersion = 14.0.25420.1
MinimumVisualStudioVersion = 10.0.40219.1
Project("{8BC9CEB8-8B4A-11D0-8D11-00A0C91BC942}") = "Skyline", "Skyline\Skyline.vcxproj", "{05BC8DED-8BAE-4716-99CE-6BE1A2D98A9C}"
	ProjectSection(ProjectDependencies) = postProject
		{A16CFDF6-0519-4260-AE44-BDCE0D05E101} = {A16CFDF6-0519-4260-AE44-BDCE0D05E101}
	EndProjectSection
EndProject
Project("{8BC9CEB8-8B4A-11D0-8D11-00A0C91BC942}") = "Ess2D", "Ess2D\Ess2D.vcxproj", "{A16CFDF6-0519-4260-AE44-BDCE0D05E101}"
EndProject
Global
	GlobalSection(SolutionConfigurationPlatforms) = preSolution
		Debug|Any CPU = Debug|Any CPU
		Debug|Mixed Platforms = Debug|Mixed Platforms
		Debug|Win32 = Debug|Win32
		DebugNCP|Any CPU = DebugNCP|Any CPU
		DebugNCP|Mixed Platforms = DebugNCP|Mixed Platforms
		DebugNCP|Win32 = DebugNCP|Win32
		Release|Any CPU = Release|Any CPU
		Release|Mixed Platforms = Release|Mixed Platforms
		Release|Win32 = Release|Win32
	EndGlobalSection
	GlobalSection(ProjectConfigurationPlatforms) = postSolution
		{05BC8DED-8BAE-4716-99CE-6BE1A2D98A9C}.Debug|Any CPU.ActiveCfg = Debug|Win32
		{05BC8DED-8BAE-4716-99CE-6BE1A2D98A9C}.Debug|Mixed Platforms.ActiveCfg = Debug|Win32
		{05BC8DED-8BAE-4716-99CE-6BE1A2D98A9C}.Debug|Mixed Platforms.Build.0 = Debug|Win32
		{05BC8DED-8BAE-4716-99CE-6BE1A2D98A9C}.Debug|Win32.ActiveCfg = Debug|Win32
		{05BC8DED-8BAE-4716-99CE-6BE1A2D98A9C}.Debug|Win32.Build.0 = Debug|Win32
		{05BC8DED-8BAE-4716-99CE-6BE1A2D98A9C}.DebugNCP|Any CPU.ActiveCfg = DebugNCP|Win32
		{05BC8DED-8BAE-4716-99CE-6BE1A2D98A9C}.DebugNCP|Mixed Platforms.ActiveCfg = DebugNCP|Win32
		{05BC8DED-8BAE-4716-99CE-6BE1A2D98A9C}.DebugNCP|Mixed Platforms.Build.0 = DebugNCP|Win32
		{05BC8DED-8BAE-4716-99CE-6BE1A2D98A9C}.DebugNCP|Win32.ActiveCfg = DebugNCP|Win32
		{05BC8DED-8BAE-4716-99CE-6BE1A2D98A9C}.DebugNCP|Win32.Build.0 = DebugNCP|Win32
		{05BC8DED-8BAE-4716-99CE-6BE1A2D98A9C}.Release|Any CPU.ActiveCfg = Release|Win32
		{05BC8DED-8BAE-4716-99CE-6BE1A2D98A9C}.Release|Mixed Platforms.ActiveCfg = Release|Win32
		{05BC8DED-8BAE-4716-99CE-6BE1A2D98A9C}.Release|Mixed Platforms.Build.0 = Release|Win32
		{05BC8DED-8BAE-4716-99CE-6BE1A2D98A9C}.Release|Win32.ActiveCfg = Release|Win32
		{05BC8DED-8BAE-4716-99CE-6BE1A2D98A9C}.Release|Win32.Build.0 = Release|Win32
		{A16CFDF6-0519-4260-AE44-BDCE0D05E101}.Debug|Any CPU.ActiveCfg = Debug|Win32
		{A16CFDF6-0519-4260-AE44-BDCE0D05E101}.Debug|Mixed Platforms.ActiveCfg = Debug|Win32
		{A16CFDF6-0519-4260-AE44-BDCE0D05E101}.Debug|Mixed Platforms.Build.0 = Debug|Win32
		{A16CFDF6-0519-4260-AE44-BDCE0D05E101}.Debug|Win32.ActiveCfg = Debug|Win32
		{A16CFDF6-0519-4260-AE44-BDCE0D05E101}.Debug|Win32.Build.0 = Debug|Win32
		{A16CFDF6-0519-4260-AE44-BDCE0D05E101}.DebugNCP|Any CPU.ActiveCfg = DebugNCP|Win32
		{A16CFDF6-0519-4260-AE44-BDCE0D05E101}.DebugNCP|Mixed Platforms.ActiveCfg = DebugNCP|Win32
		{A16CFDF6-0519-4260-AE44-BDCE0D05E101}.DebugNCP|Mixed Platforms.Build.0 = DebugNCP|Win32
		{A16CFDF6-0519-4260-AE44-BDCE0D05E101}.DebugNCP|Win32.ActiveCfg = DebugNCP|Win32
		{A16CFDF6-0519-4260-AE44-BDCE0D05E101}.DebugNCP|Win32.Build.0 = DebugNCP|Win32
		{A16CFDF6-0519-4260-AE44-BDCE0D05E101}.Release|Any CPU.ActiveCfg = Release|Win32
		{A16CFDF6-0519-4260-AE44-BDCE0D05E101}.Release|Mixed Platforms.ActiveCfg = Release|Win32
		{A16CFDF6-0519-4260-AE44-BDCE0D05E101}.Release|Mixed Platforms.Build.0 = Release|Win32
		{A16CFDF6-0519-4260-AE44-BDCE0D05E101}.Release|Win32.ActiveCfg = Release|Win32
		{A16CFDF6-0519-4260-AE44-BDCE0D05E101}.Release|Win32.Build.0 = Release|Win32
	EndGlobalSection
	GlobalSection(SolutionProperties) = preSolution
		HideSolutionNode = FALSE
	EndGlobalSection
EndGlobal
